
Microsoft Visual Studio Solution File, Format Version 12.00
# Visual Studio Version 17
VisualStudioVersion = 17.8.34309.116
MinimumVisualStudioVersion = 10.0.40219.1
Project("{9A19103F-16F7-4668-BE54-9A1E7A4F7556}") = "BurgerMVCProject.UI", "BurgerMVCProject\BurgerMVCProject.UI.csproj", "{C10C4635-C14F-4A31-961D-9AB18716F99B}"
EndProject
Project("{9A19103F-16F7-4668-BE54-9A1E7A4F7556}") = "BurgerMVCProject.BLL", "BurgerMVCProject.BLL\BurgerMVCProject.BLL.csproj", "{008F257C-1F50-4F5B-9B28-2E8BAB5F0FC8}"
EndProject
Project("{9A19103F-16F7-4668-BE54-9A1E7A4F7556}") = "BurgerMVCProject.Domain", "BurgerMVCProject.Domain\BurgerMVCProject.Domain.csproj", "{37EC311B-9E97-4C4C-B732-00734F084C2E}"
EndProject
Project("{9A19103F-16F7-4668-BE54-9A1E7A4F7556}") = "DAL", "BurgerMVCProject.DAL\DAL.csproj", "{C4EA791E-5250-4B17-BCAB-7ACDE56306D8}"
EndProject
Project("{9A19103F-16F7-4668-BE54-9A1E7A4F7556}") = "BurgerMVCProject.Core", "BurgerMVCProject.Core\BurgerMVCProject.Core.csproj", "{FA59A506-84E2-4720-BAE3-691AAD1E60CF}"
EndProject
Global
	GlobalSection(SolutionConfigurationPlatforms) = preSolution
		Debug|Any CPU = Debug|Any CPU
		Release|Any CPU = Release|Any CPU
	EndGlobalSection
	GlobalSection(ProjectConfigurationPlatforms) = postSolution
		{C10C4635-C14F-4A31-961D-9AB18716F99B}.Debug|Any CPU.ActiveCfg = Debug|Any CPU
		{C10C4635-C14F-4A31-961D-9AB18716F99B}.Debug|Any CPU.Build.0 = Debug|Any CPU
		{C10C4635-C14F-4A31-961D-9AB18716F99B}.Release|Any CPU.ActiveCfg = Release|Any CPU
		{C10C4635-C14F-4A31-961D-9AB18716F99B}.Release|Any CPU.Build.0 = Release|Any CPU
		{008F257C-1F50-4F5B-9B28-2E8BAB5F0FC8}.Debug|Any CPU.ActiveCfg = Debug|Any CPU
		{008F257C-1F50-4F5B-9B28-2E8BAB5F0FC8}.Debug|Any CPU.Build.0 = Debug|Any CPU
		{008F257C-1F50-4F5B-9B28-2E8BAB5F0FC8}.Release|Any CPU.ActiveCfg = Release|Any CPU
		{008F257C-1F50-4F5B-9B28-2E8BAB5F0FC8}.Release|Any CPU.Build.0 = Release|Any CPU
		{37EC311B-9E97-4C4C-B732-00734F084C2E}.Debug|Any CPU.ActiveCfg = Debug|Any CPU
		{37EC311B-9E97-4C4C-B732-00734F084C2E}.Debug|Any CPU.Build.0 = Debug|Any CPU
		{37EC311B-9E97-4C4C-B732-00734F084C2E}.Release|Any CPU.ActiveCfg = Release|Any CPU
		{37EC311B-9E97-4C4C-B732-00734F084C2E}.Release|Any CPU.Build.0 = Release|Any CPU
		{C4EA791E-5250-4B17-BCAB-7ACDE56306D8}.Debug|Any CPU.ActiveCfg = Debug|Any CPU
		{C4EA791E-5250-4B17-BCAB-7ACDE56306D8}.Debug|Any CPU.Build.0 = Debug|Any CPU
		{C4EA791E-5250-4B17-BCAB-7ACDE56306D8}.Release|Any CPU.ActiveCfg = Release|Any CPU
		{C4EA791E-5250-4B17-BCAB-7ACDE56306D8}.Release|Any CPU.Build.0 = Release|Any CPU
		{FA59A506-84E2-4720-BAE3-691AAD1E60CF}.Debug|Any CPU.ActiveCfg = Debug|Any CPU
		{FA59A506-84E2-4720-BAE3-691AAD1E60CF}.Debug|Any CPU.Build.0 = Debug|Any CPU
		{FA59A506-84E2-4720-BAE3-691AAD1E60CF}.Release|Any CPU.ActiveCfg = Release|Any CPU
		{FA59A506-84E2-4720-BAE3-691AAD1E60CF}.Release|Any CPU.Build.0 = Release|Any CPU
	EndGlobalSection
	GlobalSection(SolutionProperties) = preSolution
		HideSolutionNode = FALSE
	EndGlobalSection
	GlobalSection(ExtensibilityGlobals) = postSolution
		SolutionGuid = {075E155E-AB79-4225-AA67-1D3CA6BEE9A9}
	EndGlobalSection
EndGlobal
